
Microsoft Visual Studio Solution File, Format Version 12.00
# Visual Studio Version 17
VisualStudioVersion = 17.5.002.0
MinimumVisualStudioVersion = 10.0.40219.1
Project("{9A19103F-16F7-4668-BE54-9A1E7A4F7556}") = "DockerNetApp", "DockerNetApp.csproj", "{C657796F-DD14-4676-A465-2906A667BCCE}"
EndProject
Global
	GlobalSection(SolutionConfigurationPlatforms) = preSolution
		Debug|Any CPU = Debug|Any CPU
		Release|Any CPU = Release|Any CPU
	EndGlobalSection
	GlobalSection(ProjectConfigurationPlatforms) = postSolution
		{C657796F-DD14-4676-A465-2906A667BCCE}.Debug|Any CPU.ActiveCfg = Debug|Any CPU
		{C657796F-DD14-4676-A465-2906A667BCCE}.Debug|Any CPU.Build.0 = Debug|Any CPU
		{C657796F-DD14-4676-A465-2906A667BCCE}.Release|Any CPU.ActiveCfg = Release|Any CPU
		{C657796F-DD14-4676-A465-2906A667BCCE}.Release|Any CPU.Build.0 = Release|Any CPU
	EndGlobalSection
	GlobalSection(SolutionProperties) = preSolution
		HideSolutionNode = FALSE
	EndGlobalSection
	GlobalSection(ExtensibilityGlobals) = postSolution
		SolutionGuid = {015F2C14-7DF7-406D-85FD-D3E1189E28A2}
	EndGlobalSection
EndGlobal
